{
  "name": "weather-frontend",
  "version": "1.0.0",
  "lockfileVersion": 1,
  "dependencies": {
    "axios": {
      "version": "0.21.1",
      "resolved": "https://registry.npmjs.org/axios/-/axios-0.21.1.tgz",
      "integrity": "sha512-JyP1/z16xZ3zH7t9OeT3gO8Qf1K/0Nox5e4GF0Vp65r1/Ae5F+8H3Bb/jW2VftqD6bX8I3dfnb2vFh0plIZd3g==",
      "dev": false
    },
    "react": {
      "version": "17.0.2",
      "resolved": "https://registry.npmjs.org/react/-/react-17.0.2.tgz",
      "integrity": "sha512-1H+12Xiw0tQmRFHMGV6fYX0KkO8hV/A5RBi3e7M6pATyS9+dQ8bNNzIflW0bcUu3yb3GmgAvlNViF2nQKpW0NA==",
      "dev": false
    },
    "react-dom": {
      "version": "17.0.2",
      "resolved": "https://registry.npmjs.org/react-dom/-/react-dom-17.0.2.tgz",
      "integrity": "sha512-6jS7nFCqZcDgKiHukDPO8RGRzYzDgH4HMPvAZw/xu1xFboINj/GWiI3BFL96+rM6KL4QvLOpFwh0KYO6Zm/G1A==",
      "dev": false
    },
    "react-scripts": {
      "version": "4.0.3",
      "resolved": "https://registry.npmjs.org/react-scripts/-/react-scripts-4.0.3.tgz",
      "integrity": "sha512-VGEjOnObv8/Ji27deDSoA3J3pThxvHJXg3SwlPKw39XGqYavFay0k/nZn7zA3KH1Q8gCzYSb9FgZCv+InQlD2A==",
      "dev": false
    }
  }
}
