{
  "name": "weather-backend",
  "version": "1.0.0",
  "lockfileVersion": 1,
  "dependencies": {
    "cors": {
      "version": "2.8.5",
      "resolved": "https://registry.npmjs.org/cors/-/cors-2.8.5.tgz",
      "integrity": "sha512-rG+Ge8zql3p6Jj+4sF7vx5aBIPe0w3n6GHiWfDgEe/z5OBHMT5I3QGRRV3yGBS6V+dA/pI1R5ipz6nAAGhTKzw==",
      "dev": false
    },
    "dotenv": {
      "version": "10.0.0",
      "resolved": "https://registry.npmjs.org/dotenv/-/dotenv-10.0.0.tgz",
      "integrity": "sha512-Yc7QNGtNtlUmHDSw8gnd2/q1KPS/BbETdhC/sbWTjpFjQHB9SxTc50RE1Z6HDQs90DJOVh2AS1/BTS3LSqh5Q==",
      "dev": false
    },
    "express": {
      "version": "4.17.1",
      "resolved": "https://registry.npmjs.org/express/-/express-4.17.1.tgz",
      "integrity": "sha512-MIfwE6FlW3wx/a/Tvd/8EIXN3uHxLFtmNcW6bWx7cQ/4BrZP1D0FPHRIz9j1fJqYcGFt3/0R1+2uDGBGBvK1sQ==",
      "dev": false
    },
    "mysql": {
      "version": "2.18.1",
      "resolved": "https://registry.npmjs.org/mysql/-/mysql-2.18.1.tgz",
      "integrity": "sha512-rpD3N2yL4GlhNV6yC8yk4uK/fQkn5cCCp1T4m/bAYd8cfGFz0LUmCCQtScv+wGoF3eM6rMi3g5e7WmXAEptFg==",
      "dev": false
    }
  }
}
